# This file is automatically @generated by Cargo.
# It is not intended for manual editing.
version = 3

[[package]]
name = "mewkernel"
version = "0.1.0"
dependencies = [
 "mewkernel-rbuf",
 "mewkernel-rt",
]

[[package]]
name = "mewkernel-hal"
version = "0.1.0"

[[package]]
name = "mewkernel-rbuf"
version = "0.1.0"

[[package]]
name = "mewkernel-rt"
version = "0.1.0"
